
Microsoft Visual Studio Solution File, Format Version 12.00
# Visual Studio Version 17
VisualStudioVersion = 17.0.31903.59
MinimumVisualStudioVersion = 10.0.40219.1
Project("{2150E333-8FDC-42A3-9474-1A3956D46DE8}") = "src", "src", "{8D22B289-3A76-4399-BDA3-FD1B699B2F13}"
EndProject
Project("{2150E333-8FDC-42A3-9474-1A3956D46DE8}") = "test", "test", "{BFDF8E72-A7F7-4894-8782-74BB34438F99}"
EndProject
Project("{9A19103F-16F7-4668-BE54-9A1E7A4F7556}") = "Demo", "test\Demo\Demo.csproj", "{42A8F6A2-7CE7-493F-B3A7-07A1753F5285}"
EndProject
Project("{9A19103F-16F7-4668-BE54-9A1E7A4F7556}") = "BloomFilter", "src\BloomFilter\BloomFilter.csproj", "{E9FB2A60-8EFE-49E9-98FE-D75A076CAD0F}"
EndProject
Project("{9A19103F-16F7-4668-BE54-9A1E7A4F7556}") = "BloomFilterTest", "test\BloomFilterTest\BloomFilterTest.csproj", "{24193FBE-88A5-4C26-9996-341DEBE0CA80}"
EndProject
Project("{9A19103F-16F7-4668-BE54-9A1E7A4F7556}") = "PerformanceTest", "test\PerformanceTest\PerformanceTest.csproj", "{D46EEAAF-36FD-4297-9381-1845C93D13C4}"
EndProject
Project("{9A19103F-16F7-4668-BE54-9A1E7A4F7556}") = "BloomFilter.Redis", "src\BloomFilter.Redis\BloomFilter.Redis.csproj", "{4A858860-7405-43F4-9132-0DF40BADBDAD}"
EndProject
Project("{9A19103F-16F7-4668-BE54-9A1E7A4F7556}") = "BloomFilter.Redis.Test", "test\BloomFilter.Redis.Test\BloomFilter.Redis.Test.csproj", "{C02DC47A-7258-4B59-AAB4-DFA208DE9B36}"
EndProject
Project("{9A19103F-16F7-4668-BE54-9A1E7A4F7556}") = "BenchmarkTest", "test\BenchmarkTest\BenchmarkTest.csproj", "{CFB47A7F-580A-4F4B-940D-03D99EE70C41}"
EndProject
Project("{9A19103F-16F7-4668-BE54-9A1E7A4F7556}") = "BloomFilter.CSRedis", "src\BloomFilter.CSRedis\BloomFilter.CSRedis.csproj", "{903B0A3A-1753-47CA-ADBC-B4379FF8F372}"
EndProject
Project("{9A19103F-16F7-4668-BE54-9A1E7A4F7556}") = "BloomFilter.EasyCaching", "src\BloomFilter.EasyCaching\BloomFilter.EasyCaching.csproj", "{C4AFDCB8-077D-463A-9EF9-D2F8723F01F4}"
EndProject
Project("{9A19103F-16F7-4668-BE54-9A1E7A4F7556}") = "BloomFilter.FreeRedis", "src\BloomFilter.FreeRedis\BloomFilter.FreeRedis.csproj", "{311303FD-7ABA-4C7D-AA5C-90E265FA04A7}"
EndProject
Global
	GlobalSection(SolutionConfigurationPlatforms) = preSolution
		Debug|Any CPU = Debug|Any CPU
		Release|Any CPU = Release|Any CPU
	EndGlobalSection
	GlobalSection(ProjectConfigurationPlatforms) = postSolution
		{42A8F6A2-7CE7-493F-B3A7-07A1753F5285}.Debug|Any CPU.ActiveCfg = Debug|Any CPU
		{42A8F6A2-7CE7-493F-B3A7-07A1753F5285}.Debug|Any CPU.Build.0 = Debug|Any CPU
		{42A8F6A2-7CE7-493F-B3A7-07A1753F5285}.Release|Any CPU.ActiveCfg = Release|Any CPU
		{42A8F6A2-7CE7-493F-B3A7-07A1753F5285}.Release|Any CPU.Build.0 = Release|Any CPU
		{E9FB2A60-8EFE-49E9-98FE-D75A076CAD0F}.Debug|Any CPU.ActiveCfg = Debug|Any CPU
		{E9FB2A60-8EFE-49E9-98FE-D75A076CAD0F}.Debug|Any CPU.Build.0 = Debug|Any CPU
		{E9FB2A60-8EFE-49E9-98FE-D75A076CAD0F}.Release|Any CPU.ActiveCfg = Release|Any CPU
		{E9FB2A60-8EFE-49E9-98FE-D75A076CAD0F}.Release|Any CPU.Build.0 = Release|Any CPU
		{24193FBE-88A5-4C26-9996-341DEBE0CA80}.Debug|Any CPU.ActiveCfg = Debug|Any CPU
		{24193FBE-88A5-4C26-9996-341DEBE0CA80}.Debug|Any CPU.Build.0 = Debug|Any CPU
		{24193FBE-88A5-4C26-9996-341DEBE0CA80}.Release|Any CPU.ActiveCfg = Release|Any CPU
		{24193FBE-88A5-4C26-9996-341DEBE0CA80}.Release|Any CPU.Build.0 = Release|Any CPU
		{D46EEAAF-36FD-4297-9381-1845C93D13C4}.Debug|Any CPU.ActiveCfg = Debug|Any CPU
		{D46EEAAF-36FD-4297-9381-1845C93D13C4}.Debug|Any CPU.Build.0 = Debug|Any CPU
		{D46EEAAF-36FD-4297-9381-1845C93D13C4}.Release|Any CPU.ActiveCfg = Release|Any CPU
		{D46EEAAF-36FD-4297-9381-1845C93D13C4}.Release|Any CPU.Build.0 = Release|Any CPU
		{4A858860-7405-43F4-9132-0DF40BADBDAD}.Debug|Any CPU.ActiveCfg = Debug|Any CPU
		{4A858860-7405-43F4-9132-0DF40BADBDAD}.Debug|Any CPU.Build.0 = Debug|Any CPU
		{4A858860-7405-43F4-9132-0DF40BADBDAD}.Release|Any CPU.ActiveCfg = Release|Any CPU
		{4A858860-7405-43F4-9132-0DF40BADBDAD}.Release|Any CPU.Build.0 = Release|Any CPU
		{C02DC47A-7258-4B59-AAB4-DFA208DE9B36}.Debug|Any CPU.ActiveCfg = Debug|Any CPU
		{C02DC47A-7258-4B59-AAB4-DFA208DE9B36}.Debug|Any CPU.Build.0 = Debug|Any CPU
		{C02DC47A-7258-4B59-AAB4-DFA208DE9B36}.Release|Any CPU.ActiveCfg = Release|Any CPU
		{C02DC47A-7258-4B59-AAB4-DFA208DE9B36}.Release|Any CPU.Build.0 = Release|Any CPU
		{CFB47A7F-580A-4F4B-940D-03D99EE70C41}.Debug|Any CPU.ActiveCfg = Debug|Any CPU
		{CFB47A7F-580A-4F4B-940D-03D99EE70C41}.Debug|Any CPU.Build.0 = Debug|Any CPU
		{CFB47A7F-580A-4F4B-940D-03D99EE70C41}.Release|Any CPU.ActiveCfg = Release|Any CPU
		{CFB47A7F-580A-4F4B-940D-03D99EE70C41}.Release|Any CPU.Build.0 = Release|Any CPU
		{903B0A3A-1753-47CA-ADBC-B4379FF8F372}.Debug|Any CPU.ActiveCfg = Debug|Any CPU
		{903B0A3A-1753-47CA-ADBC-B4379FF8F372}.Debug|Any CPU.Build.0 = Debug|Any CPU
		{903B0A3A-1753-47CA-ADBC-B4379FF8F372}.Release|Any CPU.ActiveCfg = Release|Any CPU
		{903B0A3A-1753-47CA-ADBC-B4379FF8F372}.Release|Any CPU.Build.0 = Release|Any CPU
		{C4AFDCB8-077D-463A-9EF9-D2F8723F01F4}.Debug|Any CPU.ActiveCfg = Debug|Any CPU
		{C4AFDCB8-077D-463A-9EF9-D2F8723F01F4}.Debug|Any CPU.Build.0 = Debug|Any CPU
		{C4AFDCB8-077D-463A-9EF9-D2F8723F01F4}.Release|Any CPU.ActiveCfg = Release|Any CPU
		{C4AFDCB8-077D-463A-9EF9-D2F8723F01F4}.Release|Any CPU.Build.0 = Release|Any CPU
		{311303FD-7ABA-4C7D-AA5C-90E265FA04A7}.Debug|Any CPU.ActiveCfg = Debug|Any CPU
		{311303FD-7ABA-4C7D-AA5C-90E265FA04A7}.Debug|Any CPU.Build.0 = Debug|Any CPU
		{311303FD-7ABA-4C7D-AA5C-90E265FA04A7}.Release|Any CPU.ActiveCfg = Release|Any CPU
		{311303FD-7ABA-4C7D-AA5C-90E265FA04A7}.Release|Any CPU.Build.0 = Release|Any CPU
	EndGlobalSection
	GlobalSection(SolutionProperties) = preSolution
		HideSolutionNode = FALSE
	EndGlobalSection
	GlobalSection(NestedProjects) = preSolution
		{42A8F6A2-7CE7-493F-B3A7-07A1753F5285} = {BFDF8E72-A7F7-4894-8782-74BB34438F99}
		{E9FB2A60-8EFE-49E9-98FE-D75A076CAD0F} = {8D22B289-3A76-4399-BDA3-FD1B699B2F13}
		{24193FBE-88A5-4C26-9996-341DEBE0CA80} = {BFDF8E72-A7F7-4894-8782-74BB34438F99}
		{D46EEAAF-36FD-4297-9381-1845C93D13C4} = {BFDF8E72-A7F7-4894-8782-74BB34438F99}
		{4A858860-7405-43F4-9132-0DF40BADBDAD} = {8D22B289-3A76-4399-BDA3-FD1B699B2F13}
		{C02DC47A-7258-4B59-AAB4-DFA208DE9B36} = {BFDF8E72-A7F7-4894-8782-74BB34438F99}
		{CFB47A7F-580A-4F4B-940D-03D99EE70C41} = {BFDF8E72-A7F7-4894-8782-74BB34438F99}
		{903B0A3A-1753-47CA-ADBC-B4379FF8F372} = {8D22B289-3A76-4399-BDA3-FD1B699B2F13}
		{C4AFDCB8-077D-463A-9EF9-D2F8723F01F4} = {8D22B289-3A76-4399-BDA3-FD1B699B2F13}
		{311303FD-7ABA-4C7D-AA5C-90E265FA04A7} = {8D22B289-3A76-4399-BDA3-FD1B699B2F13}
	EndGlobalSection
	GlobalSection(ExtensibilityGlobals) = postSolution
		SolutionGuid = {12D6ACDC-31C9-4A69-BE24-76E0F73E48A6}
	EndGlobalSection
EndGlobal
